
Microsoft Visual Studio Solution File, Format Version 12.00
# Visual Studio Version 17
VisualStudioVersion = 17.3.32929.385
MinimumVisualStudioVersion = 10.0.40219.1
Project("{8BC9CEB8-8B4A-11D0-8D11-00A0C91BC942}") = "柔性数组动态开辟内存", "柔性数组动态开辟内存.vcxproj", "{749CB638-64F0-4CA8-A7F2-8400991826D3}"
EndProject
Global
	GlobalSection(SolutionConfigurationPlatforms) = preSolution
		Debug|x64 = Debug|x64
		Debug|x86 = Debug|x86
		Release|x64 = Release|x64
		Release|x86 = Release|x86
	EndGlobalSection
	GlobalSection(ProjectConfigurationPlatforms) = postSolution
		{749CB638-64F0-4CA8-A7F2-8400991826D3}.Debug|x64.ActiveCfg = Debug|x64
		{749CB638-64F0-4CA8-A7F2-8400991826D3}.Debug|x64.Build.0 = Debug|x64
		{749CB638-64F0-4CA8-A7F2-8400991826D3}.Debug|x86.ActiveCfg = Debug|Win32
		{749CB638-64F0-4CA8-A7F2-8400991826D3}.Debug|x86.Build.0 = Debug|Win32
		{749CB638-64F0-4CA8-A7F2-8400991826D3}.Release|x64.ActiveCfg = Release|x64
		{749CB638-64F0-4CA8-A7F2-8400991826D3}.Release|x64.Build.0 = Release|x64
		{749CB638-64F0-4CA8-A7F2-8400991826D3}.Release|x86.ActiveCfg = Release|Win32
		{749CB638-64F0-4CA8-A7F2-8400991826D3}.Release|x86.Build.0 = Release|Win32
	EndGlobalSection
	GlobalSection(SolutionProperties) = preSolution
		HideSolutionNode = FALSE
	EndGlobalSection
	GlobalSection(ExtensibilityGlobals) = postSolution
		SolutionGuid = {FC2443C9-2955-45F6-AF4B-EEFA5DCB68E8}
	EndGlobalSection
EndGlobal
